
Microsoft Visual Studio Solution File, Format Version 12.00
# Visual Studio 15
VisualStudioVersion = 15.0.28307.168
MinimumVisualStudioVersion = 10.0.40219.1
Project("{888888A0-9F3D-457C-B088-3A5042F75D52}") = "FlaskWebProject1", "FlaskWebProject1\FlaskWebProject1.pyproj", "{70DE545C-A785-4454-9204-AB40CA2DA60F}"
EndProject
Global
	GlobalSection(SolutionConfigurationPlatforms) = preSolution
		Debug|Any CPU = Debug|Any CPU
		Release|Any CPU = Release|Any CPU
	EndGlobalSection
	GlobalSection(ProjectConfigurationPlatforms) = postSolution
		{70DE545C-A785-4454-9204-AB40CA2DA60F}.Debug|Any CPU.ActiveCfg = Debug|Any CPU
		{70DE545C-A785-4454-9204-AB40CA2DA60F}.Debug|Any CPU.Build.0 = Debug|Any CPU
		{70DE545C-A785-4454-9204-AB40CA2DA60F}.Release|Any CPU.ActiveCfg = Release|Any CPU
		{70DE545C-A785-4454-9204-AB40CA2DA60F}.Release|Any CPU.Build.0 = Release|Any CPU
	EndGlobalSection
	GlobalSection(SolutionProperties) = preSolution
		HideSolutionNode = FALSE
	EndGlobalSection
	GlobalSection(ExtensibilityGlobals) = postSolution
		SolutionGuid = {32369667-0A3E-4F47-B030-8C3109C042EF}
	EndGlobalSection
EndGlobal
